
Microsoft Visual Studio Solution File, Format Version 12.00
# Visual Studio Version 17
VisualStudioVersion = 17.8.34330.188
MinimumVisualStudioVersion = 10.0.40219.1
Project("{9A19103F-16F7-4668-BE54-9A1E7A4F7556}") = "Shine.Components", "Shine.Components\Shine.Components.csproj", "{1075B57D-22B9-456F-A2F2-5459B3CA673D}"
EndProject
Project("{FAE04EC0-301F-11D3-BF4B-00C04F79EFBC}") = "Shine.Components.Demo", "Shine.Components.Demo\Shine.Components.Demo.csproj", "{DCFCBFD6-1695-4263-92D4-414C06364A08}"
EndProject
Project("{2150E333-8FDC-42A3-9474-1A3956D46DE8}") = "Solution Items", "Solution Items", "{352571FA-26EB-47E8-B64F-3D5DE4648327}"
	ProjectSection(SolutionItems) = preProject
		README.md = README.md
	EndProjectSection
EndProject
Global
	GlobalSection(SolutionConfigurationPlatforms) = preSolution
		Debug|Any CPU = Debug|Any CPU
		Release|Any CPU = Release|Any CPU
	EndGlobalSection
	GlobalSection(ProjectConfigurationPlatforms) = postSolution
		{1075B57D-22B9-456F-A2F2-5459B3CA673D}.Debug|Any CPU.ActiveCfg = Debug|Any CPU
		{1075B57D-22B9-456F-A2F2-5459B3CA673D}.Debug|Any CPU.Build.0 = Debug|Any CPU
		{1075B57D-22B9-456F-A2F2-5459B3CA673D}.Release|Any CPU.ActiveCfg = Release|Any CPU
		{1075B57D-22B9-456F-A2F2-5459B3CA673D}.Release|Any CPU.Build.0 = Release|Any CPU
		{DCFCBFD6-1695-4263-92D4-414C06364A08}.Debug|Any CPU.ActiveCfg = Debug|Any CPU
		{DCFCBFD6-1695-4263-92D4-414C06364A08}.Debug|Any CPU.Build.0 = Debug|Any CPU
		{DCFCBFD6-1695-4263-92D4-414C06364A08}.Release|Any CPU.ActiveCfg = Release|Any CPU
		{DCFCBFD6-1695-4263-92D4-414C06364A08}.Release|Any CPU.Build.0 = Release|Any CPU
	EndGlobalSection
	GlobalSection(SolutionProperties) = preSolution
		HideSolutionNode = FALSE
	EndGlobalSection
	GlobalSection(ExtensibilityGlobals) = postSolution
		SolutionGuid = {02C3A55B-1CA3-4CDF-8BD2-CF6D7B689700}
	EndGlobalSection
EndGlobal
